
Microsoft Visual Studio Solution File, Format Version 12.00
# Visual Studio Version 16
VisualStudioVersion = 16.0.30406.217
MinimumVisualStudioVersion = 10.0.40219.1
Project("{FAE04EC0-301F-11D3-BF4B-00C04F79EFBC}") = "BrinkConfigGenerator", "BrinkConfigGenerator.csproj", "{E402AC4C-3ECB-4153-82AE-A2237979FF90}"
EndProject
Global
	GlobalSection(SolutionConfigurationPlatforms) = preSolution
		Debug|Any CPU = Debug|Any CPU
		Release|Any CPU = Release|Any CPU
	EndGlobalSection
	GlobalSection(ProjectConfigurationPlatforms) = postSolution
		{E402AC4C-3ECB-4153-82AE-A2237979FF90}.Debug|Any CPU.ActiveCfg = Debug|Any CPU
		{E402AC4C-3ECB-4153-82AE-A2237979FF90}.Debug|Any CPU.Build.0 = Debug|Any CPU
		{E402AC4C-3ECB-4153-82AE-A2237979FF90}.Release|Any CPU.ActiveCfg = Release|Any CPU
		{E402AC4C-3ECB-4153-82AE-A2237979FF90}.Release|Any CPU.Build.0 = Release|Any CPU
	EndGlobalSection
	GlobalSection(SolutionProperties) = preSolution
		HideSolutionNode = FALSE
	EndGlobalSection
	GlobalSection(ExtensibilityGlobals) = postSolution
		SolutionGuid = {4EFA97E2-0098-4D97-9996-FEFD307E4A3E}
	EndGlobalSection
EndGlobal
